
Microsoft Visual Studio Solution File, Format Version 12.00
# Visual Studio Version 17
VisualStudioVersion = 17.5.002.0
MinimumVisualStudioVersion = 10.0.40219.1
Project("{9A19103F-16F7-4668-BE54-9A1E7A4F7556}") = "mdt", "mdt.csproj", "{73DE1368-7E53-42B3-B544-7413F06DAD7B}"
EndProject
Global
	GlobalSection(SolutionConfigurationPlatforms) = preSolution
		Debug|Any CPU = Debug|Any CPU
		Release|Any CPU = Release|Any CPU
	EndGlobalSection
	GlobalSection(ProjectConfigurationPlatforms) = postSolution
		{73DE1368-7E53-42B3-B544-7413F06DAD7B}.Debug|Any CPU.ActiveCfg = Debug|Any CPU
		{73DE1368-7E53-42B3-B544-7413F06DAD7B}.Debug|Any CPU.Build.0 = Debug|Any CPU
		{73DE1368-7E53-42B3-B544-7413F06DAD7B}.Release|Any CPU.ActiveCfg = Release|Any CPU
		{73DE1368-7E53-42B3-B544-7413F06DAD7B}.Release|Any CPU.Build.0 = Release|Any CPU
	EndGlobalSection
	GlobalSection(SolutionProperties) = preSolution
		HideSolutionNode = FALSE
	EndGlobalSection
	GlobalSection(ExtensibilityGlobals) = postSolution
		SolutionGuid = {0CD8DEBC-A1B9-4BBA-9245-0B82A967E8D8}
	EndGlobalSection
EndGlobal
